
Microsoft Visual Studio Solution File, Format Version 12.00
# Visual Studio Version 17
VisualStudioVersion = 17.14.36301.6 d17.14
MinimumVisualStudioVersion = 10.0.40219.1
Project("{FAE04EC0-301F-11D3-BF4B-00C04F79EFBC}") = "Pizza Project", "Pizza Project.csproj", "{AF832912-4B52-483A-8E48-E413DACCF119}"
EndProject
Global
	GlobalSection(SolutionConfigurationPlatforms) = preSolution
		Debug|Any CPU = Debug|Any CPU
		Release|Any CPU = Release|Any CPU
	EndGlobalSection
	GlobalSection(ProjectConfigurationPlatforms) = postSolution
		{AF832912-4B52-483A-8E48-E413DACCF119}.Debug|Any CPU.ActiveCfg = Debug|Any CPU
		{AF832912-4B52-483A-8E48-E413DACCF119}.Debug|Any CPU.Build.0 = Debug|Any CPU
		{AF832912-4B52-483A-8E48-E413DACCF119}.Release|Any CPU.ActiveCfg = Release|Any CPU
		{AF832912-4B52-483A-8E48-E413DACCF119}.Release|Any CPU.Build.0 = Release|Any CPU
	EndGlobalSection
	GlobalSection(SolutionProperties) = preSolution
		HideSolutionNode = FALSE
	EndGlobalSection
	GlobalSection(ExtensibilityGlobals) = postSolution
		SolutionGuid = {556213E6-3DEF-4551-AE6C-48D53707A7EB}
	EndGlobalSection
EndGlobal
